
Microsoft Visual Studio Solution File, Format Version 12.00
# Visual Studio Version 16
VisualStudioVersion = 16.0.31129.286
MinimumVisualStudioVersion = 10.0.40219.1
Project("{FAE04EC0-301F-11D3-BF4B-00C04F79EFBC}") = "Calendar", "Calendar.csproj", "{EFD9544D-3D96-4BD5-8A3E-B3DA0DE8E4E1}"
EndProject
Global
	GlobalSection(SolutionConfigurationPlatforms) = preSolution
		Debug|Any CPU = Debug|Any CPU
		Release|Any CPU = Release|Any CPU
	EndGlobalSection
	GlobalSection(ProjectConfigurationPlatforms) = postSolution
		{EFD9544D-3D96-4BD5-8A3E-B3DA0DE8E4E1}.Debug|Any CPU.ActiveCfg = Debug|Any CPU
		{EFD9544D-3D96-4BD5-8A3E-B3DA0DE8E4E1}.Debug|Any CPU.Build.0 = Debug|Any CPU
		{EFD9544D-3D96-4BD5-8A3E-B3DA0DE8E4E1}.Release|Any CPU.ActiveCfg = Release|Any CPU
		{EFD9544D-3D96-4BD5-8A3E-B3DA0DE8E4E1}.Release|Any CPU.Build.0 = Release|Any CPU
	EndGlobalSection
	GlobalSection(SolutionProperties) = preSolution
		HideSolutionNode = FALSE
	EndGlobalSection
	GlobalSection(ExtensibilityGlobals) = postSolution
		SolutionGuid = {78742D77-0AF2-438B-B626-49ED1D13C175}
	EndGlobalSection
EndGlobal
